// !$*UTF8*$!
{
	archiveVersion = 1;
	classes = {
	};
	objectVersion = 48;
	objects = {

/* Begin PBXBuildFile section */
		408FCF8F1FD0625E007C2987 /* AppDelegate.swift in Sources */ = {isa = PBXBuildFile; fileRef = 408FCF8E1FD0625E007C2987 /* AppDelegate.swift */; };
		408FCF911FD0625E007C2987 /* ViewController.swift in Sources */ = {isa = PBXBuildFile; fileRef = 408FCF901FD0625E007C2987 /* ViewController.swift */; };
		408FCF941FD0625E007C2987 /* Main.storyboard in Resources */ = {isa = PBXBuildFile; fileRef = 408FCF921FD0625E007C2987 /* Main.storyboard */; };
		408FCF961FD0625E007C2987 /* Assets.xcassets in Resources */ = {isa = PBXBuildFile; fileRef = 408FCF951FD0625E007C2987 /* Assets.xcassets */; };
		408FCF991FD0625E007C2987 /* LaunchScreen.storyboard in Resources */ = {isa = PBXBuildFile; fileRef = 408FCF971FD0625E007C2987 /* LaunchScreen.storyboard */; };
		408FCFA41FD0625F007C2987 /* LoginAppTests.swift in Sources */ = {isa = PBXBuildFile; fileRef = 408FCFA31FD0625F007C2987 /* LoginAppTests.swift */; };
		408FCFAF1FD0625F007C2987 /* LoginAppUITests.swift in Sources */ = {isa = PBXBuildFile; fileRef = 408FCFAE1FD0625F007C2987 /* LoginAppUITests.swift */; };
		408FCFFB1FD1BB58007C2987 /* UserDataController.swift in Sources */ = {isa = PBXBuildFile; fileRef = 408FCFFA1FD1BB58007C2987 /* UserDataController.swift */; };
		408FCFFD1FD5E894007C2987 /* Default-568h@2x.png in Resources */ = {isa = PBXBuildFile; fileRef = 408FCFFC1FD5E894007C2987 /* Default-568h@2x.png */; };
		42B989C1C08E64E7C3F59B27 /* Pods_LoginApp.framework in Frameworks */ = {isa = PBXBuildFile; fileRef = 4C31C962D563D21788304A0D /* Pods_LoginApp.framework */; };
		85BAC9050312C3451F632CDD /* Pods_LoginAppUITests.framework in Frameworks */ = {isa = PBXBuildFile; fileRef = ADDDCE6E358ACC65512F3D36 /* Pods_LoginAppUITests.framework */; };
		BB69339EDCDE2BABC673CDEB /* Pods_LoginAppTests.framework in Frameworks */ = {isa = PBXBuildFile; fileRef = 4B77B80132FFF55D145BC8C1 /* Pods_LoginAppTests.framework */; };
/* End PBXBuildFile section */

/* Begin PBXContainerItemProxy section */
		408FCFA01FD0625F007C2987 /* PBXContainerItemProxy */ = {
			isa = PBXContainerItemProxy;
			containerPortal = 408FCF831FD0625E007C2987 /* Project object */;
			proxyType = 1;
			remoteGlobalIDString = 408FCF8A1FD0625E007C2987;
			remoteInfo = LoginApp;
		};
		408FCFAB1FD0625F007C2987 /* PBXContainerItemProxy */ = {
			isa = PBXContainerItemProxy;
			containerPortal = 408FCF831FD0625E007C2987 /* Project object */;
			proxyType = 1;
			remoteGlobalIDString = 408FCF8A1FD0625E007C2987;
			remoteInfo = LoginApp;
		};
/* End PBXContainerItemProxy section */

/* Begin PBXFileReference section */
		09FB17712F77E35B7CB362B1 /* Pods-LoginAppTests.debug.xcconfig */ = {isa = PBXFileReference; includeInIndex = 1; lastKnownFileType = text.xcconfig; name = "Pods-LoginAppTests.debug.xcconfig"; path = "Pods/Target Support Files/Pods-LoginAppTests/Pods-LoginAppTests.debug.xcconfig"; sourceTree = "<group>"; };
		0A2808FD62BD7F7BF492B34A /* Pods-LoginAppUITests.release.xcconfig */ = {isa = PBXFileReference; includeInIndex = 1; lastKnownFileType = text.xcconfig; name = "Pods-LoginAppUITests.release.xcconfig"; path = "Pods/Target Support Files/Pods-LoginAppUITests/Pods-LoginAppUITests.release.xcconfig"; sourceTree = "<group>"; };
		2641B3D0AF9BC2C50F6CDB89 /* Pods-LoginAppTests.release.xcconfig */ = {isa = PBXFileReference; includeInIndex = 1; lastKnownFileType = text.xcconfig; name = "Pods-LoginAppTests.release.xcconfig"; path = "Pods/Target Support Files/Pods-LoginAppTests/Pods-LoginAppTests.release.xcconfig"; sourceTree = "<group>"; };
		408FCF8B1FD0625E007C2987 /* LoginApp.app */ = {isa = PBXFileReference; explicitFileType = wrapper.application; includeInIndex = 0; path = LoginApp.app; sourceTree = BUILT_PRODUCTS_DIR; };
		408FCF8E1FD0625E007C2987 /* AppDelegate.swift */ = {isa = PBXFileReference; lastKnownFileType = sourcecode.swift; path = AppDelegate.swift; sourceTree = "<group>"; };
		408FCF901FD0625E007C2987 /* ViewController.swift */ = {isa = PBXFileReference; lastKnownFileType = sourcecode.swift; path = ViewController.swift; sourceTree = "<group>"; };
		408FCF931FD0625E007C2987 /* Base */ = {isa = PBXFileReference; lastKnownFileType = file.storyboard; name = Base; path = Base.lproj/Main.storyboard; sourceTree = "<group>"; };
		408FCF951FD0625E007C2987 /* Assets.xcassets */ = {isa = PBXFileReference; lastKnownFileType = folder.assetcatalog; path = Assets.xcassets; sourceTree = "<group>"; };
		408FCF981FD0625E007C2987 /* Base */ = {isa = PBXFileReference; lastKnownFileType = file.storyboard; name = Base; path = Base.lproj/LaunchScreen.storyboard; sourceTree = "<group>"; };
		408FCF9A1FD0625E007C2987 /* Info.plist */ = {isa = PBXFileReference; lastKnownFileType = text.plist.xml; path = Info.plist; sourceTree = "<group>"; };
		408FCF9F1FD0625F007C2987 /* LoginAppTests.xctest */ = {isa = PBXFileReference; explicitFileType = wrapper.cfbundle; includeInIndex = 0; path = LoginAppTests.xctest; sourceTree = BUILT_PRODUCTS_DIR; };
		408FCFA31FD0625F007C2987 /* LoginAppTests.swift */ = {isa = PBXFileReference; lastKnownFileType = sourcecode.swift; path = LoginAppTests.swift; sourceTree = "<group>"; };
		408FCFA51FD0625F007C2987 /* Info.plist */ = {isa = PBXFileReference; lastKnownFileType = text.plist.xml; path = Info.plist; sourceTree = "<group>"; };
		408FCFAA1FD0625F007C2987 /* LoginAppUITests.xctest */ = {isa = PBXFileReference; explicitFileType = wrapper.cfbundle; includeInIndex = 0; path = LoginAppUITests.xctest; sourceTree = BUILT_PRODUCTS_DIR; };
		408FCFAE1FD0625F007C2987 /* LoginAppUITests.swift */ = {isa = PBXFileReference; lastKnownFileType = sourcecode.swift; path = LoginAppUITests.swift; sourceTree = "<group>"; };
		408FCFB01FD0625F007C2987 /* Info.plist */ = {isa = PBXFileReference; lastKnownFileType = text.plist.xml; path = Info.plist; sourceTree = "<group>"; };
		408FCFFA1FD1BB58007C2987 /* UserDataController.swift */ = {isa = PBXFileReference; lastKnownFileType = sourcecode.swift; path = UserDataController.swift; sourceTree = "<group>"; };
		408FCFFC1FD5E894007C2987 /* Default-568h@2x.png */ = {isa = PBXFileReference; lastKnownFileType = image.png; path = "Default-568h@2x.png"; sourceTree = "<group>"; };
		4B77B80132FFF55D145BC8C1 /* Pods_LoginAppTests.framework */ = {isa = PBXFileReference; explicitFileType = wrapper.framework; includeInIndex = 0; path = Pods_LoginAppTests.framework; sourceTree = BUILT_PRODUCTS_DIR; };
		4C31C962D563D21788304A0D /* Pods_LoginApp.framework */ = {isa = PBXFileReference; explicitFileType = wrapper.framework; includeInIndex = 0; path = Pods_LoginApp.framework; sourceTree = BUILT_PRODUCTS_DIR; };
		625DAC6DCE4AEC5E556B3491 /* Pods-LoginApp.debug.xcconfig */ = {isa = PBXFileReference; includeInIndex = 1; lastKnownFileType = text.xcconfig; name = "Pods-LoginApp.debug.xcconfig"; path = "Pods/Target Support Files/Pods-LoginApp/Pods-LoginApp.debug.xcconfig"; sourceTree = "<group>"; };
		A1DD54B9674BCF91B028D813 /* Pods-LoginAppUITests.debug.xcconfig */ = {isa = PBXFileReference; includeInIndex = 1; lastKnownFileType = text.xcconfig; name = "Pods-LoginAppUITests.debug.xcconfig"; path = "Pods/Target Support Files/Pods-LoginAppUITests/Pods-LoginAppUITests.debug.xcconfig"; sourceTree = "<group>"; };
		ADDDCE6E358ACC65512F3D36 /* Pods_LoginAppUITests.framework */ = {isa = PBXFileReference; explicitFileType = wrapper.framework; includeInIndex = 0; path = Pods_LoginAppUITests.framework; sourceTree = BUILT_PRODUCTS_DIR; };
		C3083170DECE35A45BFBB544 /* Pods-LoginApp.release.xcconfig */ = {isa = PBXFileReference; includeInIndex = 1; lastKnownFileType = text.xcconfig; name = "Pods-LoginApp.release.xcconfig"; path = "Pods/Target Support Files/Pods-LoginApp/Pods-LoginApp.release.xcconfig"; sourceTree = "<group>"; };
/* End PBXFileReference section */

/* Begin PBXFrameworksBuildPhase section */
		408FCF881FD0625E007C2987 /* Frameworks */ = {
			isa = PBXFrameworksBuildPhase;
			buildActionMask = 2147483647;
			files = (
				42B989C1C08E64E7C3F59B27 /* Pods_LoginApp.framework in Frameworks */,
			);
			runOnlyForDeploymentPostprocessing = 0;
		};
		408FCF9C1FD0625F007C2987 /* Frameworks */ = {
			isa = PBXFrameworksBuildPhase;
			buildActionMask = 2147483647;
			files = (
				BB69339EDCDE2BABC673CDEB /* Pods_LoginAppTests.framework in Frameworks */,
			);
			runOnlyForDeploymentPostprocessing = 0;
		};
		408FCFA71FD0625F007C2987 /* Frameworks */ = {
			isa = PBXFrameworksBuildPhase;
			buildActionMask = 2147483647;
			files = (
				85BAC9050312C3451F632CDD /* Pods_LoginAppUITests.framework in Frameworks */,
			);
			runOnlyForDeploymentPostprocessing = 0;
		};
/* End PBXFrameworksBuildPhase section */

/* Begin PBXGroup section */
		3FE91267FF36E766A1FF3360 /* Frameworks */ = {
			isa = PBXGroup;
			children = (
				4C31C962D563D21788304A0D /* Pods_LoginApp.framework */,
				4B77B80132FFF55D145BC8C1 /* Pods_LoginAppTests.framework */,
				ADDDCE6E358ACC65512F3D36 /* Pods_LoginAppUITests.framework */,
			);
			name = Frameworks;
			sourceTree = "<group>";
		};
		408FCF821FD0625E007C2987 = {
			isa = PBXGroup;
			children = (
				408FCFFC1FD5E894007C2987 /* Default-568h@2x.png */,
				408FCF8D1FD0625E007C2987 /* LoginApp */,
				408FCFA21FD0625F007C2987 /* LoginAppTests */,
				408FCFAD1FD0625F007C2987 /* LoginAppUITests */,
				408FCF8C1FD0625E007C2987 /* Products */,
				D96AA50C5FC907603E6E87F8 /* Pods */,
				3FE91267FF36E766A1FF3360 /* Frameworks */,
			);
			sourceTree = "<group>";
		};
		408FCF8C1FD0625E007C2987 /* Products */ = {
			isa = PBXGroup;
			children = (
				408FCF8B1FD0625E007C2987 /* LoginApp.app */,
				408FCF9F1FD0625F007C2987 /* LoginAppTests.xctest */,
				408FCFAA1FD0625F007C2987 /* LoginAppUITests.xctest */,
			);
			name = Products;
			sourceTree = "<group>";
		};
		408FCF8D1FD0625E007C2987 /* LoginApp */ = {
			isa = PBXGroup;
			children = (
				408FCF8E1FD0625E007C2987 /* AppDelegate.swift */,
				408FCF901FD0625E007C2987 /* ViewController.swift */,
				408FCFFA1FD1BB58007C2987 /* UserDataController.swift */,
				408FCF921FD0625E007C2987 /* Main.storyboard */,
				408FCF951FD0625E007C2987 /* Assets.xcassets */,
				408FCF971FD0625E007C2987 /* LaunchScreen.storyboard */,
				408FCF9A1FD0625E007C2987 /* Info.plist */,
			);
			path = LoginApp;
			sourceTree = "<group>";
		};
		408FCFA21FD0625F007C2987 /* LoginAppTests */ = {
			isa = PBXGroup;
			children = (
				408FCFA31FD0625F007C2987 /* LoginAppTests.swift */,
				408FCFA51FD0625F007C2987 /* Info.plist */,
			);
			path = LoginAppTests;
			sourceTree = "<group>";
		};
		408FCFAD1FD0625F007C2987 /* LoginAppUITests */ = {
			isa = PBXGroup;
			children = (
				408FCFAE1FD0625F007C2987 /* LoginAppUITests.swift */,
				408FCFB01FD0625F007C2987 /* Info.plist */,
			);
			path = LoginAppUITests;
			sourceTree = "<group>";
		};
		D96AA50C5FC907603E6E87F8 /* Pods */ = {
			isa = PBXGroup;
			children = (
				625DAC6DCE4AEC5E556B3491 /* Pods-LoginApp.debug.xcconfig */,
				C3083170DECE35A45BFBB544 /* Pods-LoginApp.release.xcconfig */,
				09FB17712F77E35B7CB362B1 /* Pods-LoginAppTests.debug.xcconfig */,
				2641B3D0AF9BC2C50F6CDB89 /* Pods-LoginAppTests.release.xcconfig */,
				A1DD54B9674BCF91B028D813 /* Pods-LoginAppUITests.debug.xcconfig */,
				0A2808FD62BD7F7BF492B34A /* Pods-LoginAppUITests.release.xcconfig */,
			);
			name = Pods;
			sourceTree = "<group>";
		};
/* End PBXGroup section */

/* Begin PBXNativeTarget section */
		408FCF8A1FD0625E007C2987 /* LoginApp */ = {
			isa = PBXNativeTarget;
			buildConfigurationList = 408FCFB31FD0625F007C2987 /* Build configuration list for PBXNativeTarget "LoginApp" */;
			buildPhases = (
				5E2AE678852050FF3ADC9D4B /* [CP] Check Pods Manifest.lock */,
				408FCF871FD0625E007C2987 /* Sources */,
				408FCF881FD0625E007C2987 /* Frameworks */,
				408FCF891FD0625E007C2987 /* Resources */,
				4FA1A609FFA84EA162D8DA2F /* [CP] Embed Pods Frameworks */,
				22D63D77260AED2751B05C1C /* [CP] Copy Pods Resources */,
			);
			buildRules = (
			);
			dependencies = (
			);
			name = LoginApp;
			productName = LoginApp;
			productReference = 408FCF8B1FD0625E007C2987 /* LoginApp.app */;
			productType = "com.apple.product-type.application";
		};
		408FCF9E1FD0625F007C2987 /* LoginAppTests */ = {
			isa = PBXNativeTarget;
			buildConfigurationList = 408FCFB61FD0625F007C2987 /* Build configuration list for PBXNativeTarget "LoginAppTests" */;
			buildPhases = (
				9A6D52998088DED9408B8815 /* [CP] Check Pods Manifest.lock */,
				408FCF9B1FD0625F007C2987 /* Sources */,
				408FCF9C1FD0625F007C2987 /* Frameworks */,
				408FCF9D1FD0625F007C2987 /* Resources */,
				2939F3D1E8DFC69579C6D9F5 /* [CP] Embed Pods Frameworks */,
				0A13C2BA6609788D5E6410B5 /* [CP] Copy Pods Resources */,
			);
			buildRules = (
			);
			dependencies = (
				408FCFA11FD0625F007C2987 /* PBXTargetDependency */,
			);
			name = LoginAppTests;
			productName = LoginAppTests;
			productReference = 408FCF9F1FD0625F007C2987 /* LoginAppTests.xctest */;
			productType = "com.apple.product-type.bundle.unit-test";
		};
		408FCFA91FD0625F007C2987 /* LoginAppUITests */ = {
			isa = PBXNativeTarget;
			buildConfigurationList = 408FCFB91FD0625F007C2987 /* Build configuration list for PBXNativeTarget "LoginAppUITests" */;
			buildPhases = (
				7FCEE79BCF0F6F1CE1D94634 /* [CP] Check Pods Manifest.lock */,
				408FCFA61FD0625F007C2987 /* Sources */,
				408FCFA71FD0625F007C2987 /* Frameworks */,
				408FCFA81FD0625F007C2987 /* Resources */,
				1D402DC3227DF7389446B8D1 /* [CP] Embed Pods Frameworks */,
				35BE522A0CB722DA7B805ECF /* [CP] Copy Pods Resources */,
			);
			buildRules = (
			);
			dependencies = (
				408FCFAC1FD0625F007C2987 /* PBXTargetDependency */,
			);
			name = LoginAppUITests;
			productName = LoginAppUITests;
			productReference = 408FCFAA1FD0625F007C2987 /* LoginAppUITests.xctest */;
			productType = "com.apple.product-type.bundle.ui-testing";
		};
/* End PBXNativeTarget section */

/* Begin PBXProject section */
		408FCF831FD0625E007C2987 /* Project object */ = {
			isa = PBXProject;
			attributes = {
				LastSwiftUpdateCheck = 0910;
				LastUpgradeCheck = 0910;
				ORGANIZATIONNAME = "miyu enterprise";
				TargetAttributes = {
					408FCF8A1FD0625E007C2987 = {
						CreatedOnToolsVersion = 9.1;
						ProvisioningStyle = Automatic;
					};
					408FCF9E1FD0625F007C2987 = {
						CreatedOnToolsVersion = 9.1;
						ProvisioningStyle = Automatic;
						TestTargetID = 408FCF8A1FD0625E007C2987;
					};
					408FCFA91FD0625F007C2987 = {
						CreatedOnToolsVersion = 9.1;
						ProvisioningStyle = Automatic;
						TestTargetID = 408FCF8A1FD0625E007C2987;
					};
				};
			};
			buildConfigurationList = 408FCF861FD0625E007C2987 /* Build configuration list for PBXProject "LoginApp" */;
			compatibilityVersion = "Xcode 8.0";
			developmentRegion = en;
			hasScannedForEncodings = 0;
			knownRegions = (
				en,
				Base,
			);
			mainGroup = 408FCF821FD0625E007C2987;
			productRefGroup = 408FCF8C1FD0625E007C2987 /* Products */;
			projectDirPath = "";
			projectRoot = "";
			targets = (
				408FCF8A1FD0625E007C2987 /* LoginApp */,
				408FCF9E1FD0625F007C2987 /* LoginAppTests */,
				408FCFA91FD0625F007C2987 /* LoginAppUITests */,
			);
		};
/* End PBXProject section */

/* Begin PBXResourcesBuildPhase section */
		408FCF891FD0625E007C2987 /* Resources */ = {
			isa = PBXResourcesBuildPhase;
			buildActionMask = 2147483647;
			files = (
				408FCF991FD0625E007C2987 /* LaunchScreen.storyboard in Resources */,
				408FCFFD1FD5E894007C2987 /* Default-568h@2x.png in Resources */,
				408FCF961FD0625E007C2987 /* Assets.xcassets in Resources */,
				408FCF941FD0625E007C2987 /* Main.storyboard in Resources */,
			);
			runOnlyForDeploymentPostprocessing = 0;
		};
		408FCF9D1FD0625F007C2987 /* Resources */ = {
			isa = PBXResourcesBuildPhase;
			buildActionMask = 2147483647;
			files = (
			);
			runOnlyForDeploymentPostprocessing = 0;
		};
		408FCFA81FD0625F007C2987 /* Resources */ = {
			isa = PBXResourcesBuildPhase;
			buildActionMask = 2147483647;
			files = (
			);
			runOnlyForDeploymentPostprocessing = 0;
		};
/* End PBXResourcesBuildPhase section */

/* Begin PBXShellScriptBuildPhase section */
		0A13C2BA6609788D5E6410B5 /* [CP] Copy Pods Resources */ = {
			isa = PBXShellScriptBuildPhase;
			buildActionMask = 2147483647;
			files = (
			);
			inputPaths = (
			);
			name = "[CP] Copy Pods Resources";
			outputPaths = (
			);
			runOnlyForDeploymentPostprocessing = 0;
			shellPath = /bin/sh;
			shellScript = "\"${SRCROOT}/Pods/Target Support Files/Pods-LoginAppTests/Pods-LoginAppTests-resources.sh\"\n";
			showEnvVarsInLog = 0;
		};
		1D402DC3227DF7389446B8D1 /* [CP] Embed Pods Frameworks */ = {
			isa = PBXShellScriptBuildPhase;
			buildActionMask = 2147483647;
			files = (
			);
			inputPaths = (
			);
			name = "[CP] Embed Pods Frameworks";
			outputPaths = (
			);
			runOnlyForDeploymentPostprocessing = 0;
			shellPath = /bin/sh;
			shellScript = "\"${SRCROOT}/Pods/Target Support Files/Pods-LoginAppUITests/Pods-LoginAppUITests-frameworks.sh\"\n";
			showEnvVarsInLog = 0;
		};
		22D63D77260AED2751B05C1C /* [CP] Copy Pods Resources */ = {
			isa = PBXShellScriptBuildPhase;
			buildActionMask = 2147483647;
			files = (
			);
			inputPaths = (
			);
			name = "[CP] Copy Pods Resources";
			outputPaths = (
			);
			runOnlyForDeploymentPostprocessing = 0;
			shellPath = /bin/sh;
			shellScript = "\"${SRCROOT}/Pods/Target Support Files/Pods-LoginApp/Pods-LoginApp-resources.sh\"\n";
			showEnvVarsInLog = 0;
		};
		2939F3D1E8DFC69579C6D9F5 /* [CP] Embed Pods Frameworks */ = {
			isa = PBXShellScriptBuildPhase;
			buildActionMask = 2147483647;
			files = (
			);
			inputPaths = (
			);
			name = "[CP] Embed Pods Frameworks";
			outputPaths = (
			);
			runOnlyForDeploymentPostprocessing = 0;
			shellPath = /bin/sh;
			shellScript = "\"${SRCROOT}/Pods/Target Support Files/Pods-LoginAppTests/Pods-LoginAppTests-frameworks.sh\"\n";
			showEnvVarsInLog = 0;
		};
		35BE522A0CB722DA7B805ECF /* [CP] Copy Pods Resources */ = {
			isa = PBXShellScriptBuildPhase;
			buildActionMask = 2147483647;
			files = (
			);
			inputPaths = (
			);
			name = "[CP] Copy Pods Resources";
			outputPaths = (
			);
			runOnlyForDeploymentPostprocessing = 0;
			shellPath = /bin/sh;
			shellScript = "\"${SRCROOT}/Pods/Target Support Files/Pods-LoginAppUITests/Pods-LoginAppUITests-resources.sh\"\n";
			showEnvVarsInLog = 0;
		};
		4FA1A609FFA84EA162D8DA2F /* [CP] Embed Pods Frameworks */ = {
			isa = PBXShellScriptBuildPhase;
			buildActionMask = 2147483647;
			files = (
			);
			inputPaths = (
				"${SRCROOT}/Pods/Target Support Files/Pods-LoginApp/Pods-LoginApp-frameworks.sh",
				"${BUILT_PRODUCTS_DIR}/SwiftyJSON/SwiftyJSON.framework",
			);
			name = "[CP] Embed Pods Frameworks";
			outputPaths = (
				"${TARGET_BUILD_DIR}/${FRAMEWORKS_FOLDER_PATH}/SwiftyJSON.framework",
			);
			runOnlyForDeploymentPostprocessing = 0;
			shellPath = /bin/sh;
			shellScript = "\"${SRCROOT}/Pods/Target Support Files/Pods-LoginApp/Pods-LoginApp-frameworks.sh\"\n";
			showEnvVarsInLog = 0;
		};
		5E2AE678852050FF3ADC9D4B /* [CP] Check Pods Manifest.lock */ = {
			isa = PBXShellScriptBuildPhase;
			buildActionMask = 2147483647;
			files = (
			);
			inputPaths = (
				"${PODS_PODFILE_DIR_PATH}/Podfile.lock",
				"${PODS_ROOT}/Manifest.lock",
			);
			name = "[CP] Check Pods Manifest.lock";
			outputPaths = (
				"$(DERIVED_FILE_DIR)/Pods-LoginApp-checkManifestLockResult.txt",
			);
			runOnlyForDeploymentPostprocessing = 0;
			shellPath = /bin/sh;
			shellScript = "diff \"${PODS_PODFILE_DIR_PATH}/Podfile.lock\" \"${PODS_ROOT}/Manifest.lock\" > /dev/null\nif [ $? != 0 ] ; then\n    # print error to STDERR\n    echo \"error: The sandbox is not in sync with the Podfile.lock. Run 'pod install' or update your CocoaPods installation.\" >&2\n    exit 1\nfi\n# This output is used by Xcode 'outputs' to avoid re-running this script phase.\necho \"SUCCESS\" > \"${SCRIPT_OUTPUT_FILE_0}\"\n";
			showEnvVarsInLog = 0;
		};
		7FCEE79BCF0F6F1CE1D94634 /* [CP] Check Pods Manifest.lock */ = {
			isa = PBXShellScriptBuildPhase;
			buildActionMask = 2147483647;
			files = (
			);
			inputPaths = (
				"${PODS_PODFILE_DIR_PATH}/Podfile.lock",
				"${PODS_ROOT}/Manifest.lock",
			);
			name = "[CP] Check Pods Manifest.lock";
			outputPaths = (
				"$(DERIVED_FILE_DIR)/Pods-LoginAppUITests-checkManifestLockResult.txt",
			);
			runOnlyForDeploymentPostprocessing = 0;
			shellPath = /bin/sh;
			shellScript = "diff \"${PODS_PODFILE_DIR_PATH}/Podfile.lock\" \"${PODS_ROOT}/Manifest.lock\" > /dev/null\nif [ $? != 0 ] ; then\n    # print error to STDERR\n    echo \"error: The sandbox is not in sync with the Podfile.lock. Run 'pod install' or update your CocoaPods installation.\" >&2\n    exit 1\nfi\n# This output is used by Xcode 'outputs' to avoid re-running this script phase.\necho \"SUCCESS\" > \"${SCRIPT_OUTPUT_FILE_0}\"\n";
			showEnvVarsInLog = 0;
		};
		9A6D52998088DED9408B8815 /* [CP] Check Pods Manifest.lock */ = {
			isa = PBXShellScriptBuildPhase;
			buildActionMask = 2147483647;
			files = (
			);
			inputPaths = (
				"${PODS_PODFILE_DIR_PATH}/Podfile.lock",
				"${PODS_ROOT}/Manifest.lock",
			);
			name = "[CP] Check Pods Manifest.lock";
			outputPaths = (
				"$(DERIVED_FILE_DIR)/Pods-LoginAppTests-checkManifestLockResult.txt",
			);
			runOnlyForDeploymentPostprocessing = 0;
			shellPath = /bin/sh;
			shellScript = "diff \"${PODS_PODFILE_DIR_PATH}/Podfile.lock\" \"${PODS_ROOT}/Manifest.lock\" > /dev/null\nif [ $? != 0 ] ; then\n    # print error to STDERR\n    echo \"error: The sandbox is not in sync with the Podfile.lock. Run 'pod install' or update your CocoaPods installation.\" >&2\n    exit 1\nfi\n# This output is used by Xcode 'outputs' to avoid re-running this script phase.\necho \"SUCCESS\" > \"${SCRIPT_OUTPUT_FILE_0}\"\n";
			showEnvVarsInLog = 0;
		};
/* End PBXShellScriptBuildPhase section */

/* Begin PBXSourcesBuildPhase section */
		408FCF871FD0625E007C2987 /* Sources */ = {
			isa = PBXSourcesBuildPhase;
			buildActionMask = 2147483647;
			files = (
				408FCF911FD0625E007C2987 /* ViewController.swift in Sources */,
				408FCFFB1FD1BB58007C2987 /* UserDataController.swift in Sources */,
				408FCF8F1FD0625E007C2987 /* AppDelegate.swift in Sources */,
			);
			runOnlyForDeploymentPostprocessing = 0;
		};
		408FCF9B1FD0625F007C2987 /* Sources */ = {
			isa = PBXSourcesBuildPhase;
			buildActionMask = 2147483647;
			files = (
				408FCFA41FD0625F007C2987 /* LoginAppTests.swift in Sources */,
			);
			runOnlyForDeploymentPostprocessing = 0;
		};
		408FCFA61FD0625F007C2987 /* Sources */ = {
			isa = PBXSourcesBuildPhase;
			buildActionMask = 2147483647;
			files = (
				408FCFAF1FD0625F007C2987 /* LoginAppUITests.swift in Sources */,
			);
			runOnlyForDeploymentPostprocessing = 0;
		};
/* End PBXSourcesBuildPhase section */

/* Begin PBXTargetDependency section */
		408FCFA11FD0625F007C2987 /* PBXTargetDependency */ = {
			isa = PBXTargetDependency;
			target = 408FCF8A1FD0625E007C2987 /* LoginApp */;
			targetProxy = 408FCFA01FD0625F007C2987 /* PBXContainerItemProxy */;
		};
		408FCFAC1FD0625F007C2987 /* PBXTargetDependency */ = {
			isa = PBXTargetDependency;
			target = 408FCF8A1FD0625E007C2987 /* LoginApp */;
			targetProxy = 408FCFAB1FD0625F007C2987 /* PBXContainerItemProxy */;
		};
/* End PBXTargetDependency section */

/* Begin PBXVariantGroup section */
		408FCF921FD0625E007C2987 /* Main.storyboard */ = {
			isa = PBXVariantGroup;
			children = (
				408FCF931FD0625E007C2987 /* Base */,
			);
			name = Main.storyboard;
			sourceTree = "<group>";
		};
		408FCF971FD0625E007C2987 /* LaunchScreen.storyboard */ = {
			isa = PBXVariantGroup;
			children = (
				408FCF981FD0625E007C2987 /* Base */,
			);
			name = LaunchScreen.storyboard;
			sourceTree = "<group>";
		};
/* End PBXVariantGroup section */

/* Begin XCBuildConfiguration section */
		408FCFB11FD0625F007C2987 /* Debug */ = {
			isa = XCBuildConfiguration;
			buildSettings = {
				ALWAYS_SEARCH_USER_PATHS = NO;
				CLANG_ANALYZER_NONNULL = YES;
				CLANG_ANALYZER_NUMBER_OBJECT_CONVERSION = YES_AGGRESSIVE;
				CLANG_CXX_LANGUAGE_STANDARD = "gnu++14";
				CLANG_CXX_LIBRARY = "libc++";
				CLANG_ENABLE_MODULES = YES;
				CLANG_ENABLE_OBJC_ARC = YES;
				CLANG_WARN_BLOCK_CAPTURE_AUTORELEASING = YES;
				CLANG_WARN_BOOL_CONVERSION = YES;
				CLANG_WARN_COMMA = YES;
				CLANG_WARN_CONSTANT_CONVERSION = YES;
				CLANG_WARN_DIRECT_OBJC_ISA_USAGE = YES_ERROR;
				CLANG_WARN_DOCUMENTATION_COMMENTS = YES;
				CLANG_WARN_EMPTY_BODY = YES;
				CLANG_WARN_ENUM_CONVERSION = YES;
				CLANG_WARN_INFINITE_RECURSION = YES;
				CLANG_WARN_INT_CONVERSION = YES;
				CLANG_WARN_NON_LITERAL_NULL_CONVERSION = YES;
				CLANG_WARN_OBJC_LITERAL_CONVERSION = YES;
				CLANG_WARN_OBJC_ROOT_CLASS = YES_ERROR;
				CLANG_WARN_RANGE_LOOP_ANALYSIS = YES;
				CLANG_WARN_STRICT_PROTOTYPES = YES;
				CLANG_WARN_SUSPICIOUS_MOVE = YES;
				CLANG_WARN_UNGUARDED_AVAILABILITY = YES_AGGRESSIVE;
				CLANG_WARN_UNREACHABLE_CODE = YES;
				CLANG_WARN__DUPLICATE_METHOD_MATCH = YES;
				CODE_SIGN_IDENTITY = "iPhone Developer";
				COPY_PHASE_STRIP = NO;
				DEBUG_INFORMATION_FORMAT = dwarf;
				ENABLE_STRICT_OBJC_MSGSEND = YES;
				ENABLE_TESTABILITY = YES;
				GCC_C_LANGUAGE_STANDARD = gnu11;
				GCC_DYNAMIC_NO_PIC = NO;
				GCC_NO_COMMON_BLOCKS = YES;
				GCC_OPTIMIZATION_LEVEL = 0;
				GCC_PREPROCESSOR_DEFINITIONS = (
					"DEBUG=1",
					"$(inherited)",
				);
				GCC_WARN_64_TO_32_BIT_CONVERSION = YES;
				GCC_WARN_ABOUT_RETURN_TYPE = YES_ERROR;
				GCC_WARN_UNDECLARED_SELECTOR = YES;
				GCC_WARN_UNINITIALIZED_AUTOS = YES_AGGRESSIVE;
				GCC_WARN_UNUSED_FUNCTION = YES;
				GCC_WARN_UNUSED_VARIABLE = YES;
				IPHONEOS_DEPLOYMENT_TARGET = 11.1;
				MTL_ENABLE_DEBUG_INFO = YES;
				ONLY_ACTIVE_ARCH = YES;
				SDKROOT = iphoneos;
				SWIFT_ACTIVE_COMPILATION_CONDITIONS = DEBUG;
				SWIFT_OPTIMIZATION_LEVEL = "-Onone";
			};
			name = Debug;
		};
		408FCFB21FD0625F007C2987 /* Release */ = {
			isa = XCBuildConfiguration;
			buildSettings = {
				ALWAYS_SEARCH_USER_PATHS = NO;
				CLANG_ANALYZER_NONNULL = YES;
				CLANG_ANALYZER_NUMBER_OBJECT_CONVERSION = YES_AGGRESSIVE;
				CLANG_CXX_LANGUAGE_STANDARD = "gnu++14";
				CLANG_CXX_LIBRARY = "libc++";
				CLANG_ENABLE_MODULES = YES;
				CLANG_ENABLE_OBJC_ARC = YES;
				CLANG_WARN_BLOCK_CAPTURE_AUTORELEASING = YES;
				CLANG_WARN_BOOL_CONVERSION = YES;
				CLANG_WARN_COMMA = YES;
				CLANG_WARN_CONSTANT_CONVERSION = YES;
				CLANG_WARN_DIRECT_OBJC_ISA_USAGE = YES_ERROR;
				CLANG_WARN_DOCUMENTATION_COMMENTS = YES;
				CLANG_WARN_EMPTY_BODY = YES;
				CLANG_WARN_ENUM_CONVERSION = YES;
				CLANG_WARN_INFINITE_RECURSION = YES;
				CLANG_WARN_INT_CONVERSION = YES;
				CLANG_WARN_NON_LITERAL_NULL_CONVERSION = YES;
				CLANG_WARN_OBJC_LITERAL_CONVERSION = YES;
				CLANG_WARN_OBJC_ROOT_CLASS = YES_ERROR;
				CLANG_WARN_RANGE_LOOP_ANALYSIS = YES;
				CLANG_WARN_STRICT_PROTOTYPES = YES;
				CLANG_WARN_SUSPICIOUS_MOVE = YES;
				CLANG_WARN_UNGUARDED_AVAILABILITY = YES_AGGRESSIVE;
				CLANG_WARN_UNREACHABLE_CODE = YES;
				CLANG_WARN__DUPLICATE_METHOD_MATCH = YES;
				CODE_SIGN_IDENTITY = "iPhone Developer";
				COPY_PHASE_STRIP = NO;
				DEBUG_INFORMATION_FORMAT = "dwarf-with-dsym";
				ENABLE_NS_ASSERTIONS = NO;
				ENABLE_STRICT_OBJC_MSGSEND = YES;
				GCC_C_LANGUAGE_STANDARD = gnu11;
				GCC_NO_COMMON_BLOCKS = YES;
				GCC_WARN_64_TO_32_BIT_CONVERSION = YES;
				GCC_WARN_ABOUT_RETURN_TYPE = YES_ERROR;
				GCC_WARN_UNDECLARED_SELECTOR = YES;
				GCC_WARN_UNINITIALIZED_AUTOS = YES_AGGRESSIVE;
				GCC_WARN_UNUSED_FUNCTION = YES;
				GCC_WARN_UNUSED_VARIABLE = YES;
				IPHONEOS_DEPLOYMENT_TARGET = 11.1;
				MTL_ENABLE_DEBUG_INFO = NO;
				SDKROOT = iphoneos;
				SWIFT_OPTIMIZATION_LEVEL = "-Owholemodule";
				VALIDATE_PRODUCT = YES;
			};
			name = Release;
		};
		408FCFB41FD0625F007C2987 /* Debug */ = {
			isa = XCBuildConfiguration;
			baseConfigurationReference = 625DAC6DCE4AEC5E556B3491 /* Pods-LoginApp.debug.xcconfig */;
			buildSettings = {
				ASSETCATALOG_COMPILER_APPICON_NAME = AppIcon;
				CODE_SIGN_STYLE = Automatic;
				DEVELOPMENT_TEAM = Z7SCBZ3X84;
				INFOPLIST_FILE = LoginApp/Info.plist;
				LD_RUNPATH_SEARCH_PATHS = "$(inherited) @executable_path/Frameworks";
				PRODUCT_BUNDLE_IDENTIFIER = miyu.LoginApp;
				PRODUCT_NAME = "$(TARGET_NAME)";
				SWIFT_VERSION = 4.0;
				TARGETED_DEVICE_FAMILY = "1,2";
			};
			name = Debug;
		};
		408FCFB51FD0625F007C2987 /* Release */ = {
			isa = XCBuildConfiguration;
			baseConfigurationReference = C3083170DECE35A45BFBB544 /* Pods-LoginApp.release.xcconfig */;
			buildSettings = {
				ASSETCATALOG_COMPILER_APPICON_NAME = AppIcon;
				CODE_SIGN_STYLE = Automatic;
				DEVELOPMENT_TEAM = Z7SCBZ3X84;
				INFOPLIST_FILE = LoginApp/Info.plist;
				LD_RUNPATH_SEARCH_PATHS = "$(inherited) @executable_path/Frameworks";
				PRODUCT_BUNDLE_IDENTIFIER = miyu.LoginApp;
				PRODUCT_NAME = "$(TARGET_NAME)";
				SWIFT_VERSION = 4.0;
				TARGETED_DEVICE_FAMILY = "1,2";
			};
			name = Release;
		};
		408FCFB71FD0625F007C2987 /* Debug */ = {
			isa = XCBuildConfiguration;
			baseConfigurationReference = 09FB17712F77E35B7CB362B1 /* Pods-LoginAppTests.debug.xcconfig */;
			buildSettings = {
				ALWAYS_EMBED_SWIFT_STANDARD_LIBRARIES = YES;
				BUNDLE_LOADER = "$(TEST_HOST)";
				CODE_SIGN_STYLE = Automatic;
				DEVELOPMENT_TEAM = Z7SCBZ3X84;
				INFOPLIST_FILE = LoginAppTests/Info.plist;
				LD_RUNPATH_SEARCH_PATHS = "$(inherited) @executable_path/Frameworks @loader_path/Frameworks";
				PRODUCT_BUNDLE_IDENTIFIER = miyu.LoginAppTests;
				PRODUCT_NAME = "$(TARGET_NAME)";
				SWIFT_VERSION = 4.0;
				TARGETED_DEVICE_FAMILY = "1,2";
				TEST_HOST = "$(BUILT_PRODUCTS_DIR)/LoginApp.app/LoginApp";
			};
			name = Debug;
		};
		408FCFB81FD0625F007C2987 /* Release */ = {
			isa = XCBuildConfiguration;
			baseConfigurationReference = 2641B3D0AF9BC2C50F6CDB89 /* Pods-LoginAppTests.release.xcconfig */;
			buildSettings = {
				ALWAYS_EMBED_SWIFT_STANDARD_LIBRARIES = YES;
				BUNDLE_LOADER = "$(TEST_HOST)";
				CODE_SIGN_STYLE = Automatic;
				DEVELOPMENT_TEAM = Z7SCBZ3X84;
				INFOPLIST_FILE = LoginAppTests/Info.plist;
				LD_RUNPATH_SEARCH_PATHS = "$(inherited) @executable_path/Frameworks @loader_path/Frameworks";
				PRODUCT_BUNDLE_IDENTIFIER = miyu.LoginAppTests;
				PRODUCT_NAME = "$(TARGET_NAME)";
				SWIFT_VERSION = 4.0;
				TARGETED_DEVICE_FAMILY = "1,2";
				TEST_HOST = "$(BUILT_PRODUCTS_DIR)/LoginApp.app/LoginApp";
			};
			name = Release;
		};
		408FCFBA1FD0625F007C2987 /* Debug */ = {
			isa = XCBuildConfiguration;
			baseConfigurationReference = A1DD54B9674BCF91B028D813 /* Pods-LoginAppUITests.debug.xcconfig */;
			buildSettings = {
				ALWAYS_EMBED_SWIFT_STANDARD_LIBRARIES = YES;
				CODE_SIGN_STYLE = Automatic;
				DEVELOPMENT_TEAM = Z7SCBZ3X84;
				INFOPLIST_FILE = LoginAppUITests/Info.plist;
				LD_RUNPATH_SEARCH_PATHS = "$(inherited) @executable_path/Frameworks @loader_path/Frameworks";
				PRODUCT_BUNDLE_IDENTIFIER = miyu.LoginAppUITests;
				PRODUCT_NAME = "$(TARGET_NAME)";
				SWIFT_VERSION = 4.0;
				TARGETED_DEVICE_FAMILY = "1,2";
				TEST_TARGET_NAME = LoginApp;
			};
			name = Debug;
		};
		408FCFBB1FD0625F007C2987 /* Release */ = {
			isa = XCBuildConfiguration;
			baseConfigurationReference = 0A2808FD62BD7F7BF492B34A /* Pods-LoginAppUITests.release.xcconfig */;
			buildSettings = {
				ALWAYS_EMBED_SWIFT_STANDARD_LIBRARIES = YES;
				CODE_SIGN_STYLE = Automatic;
				DEVELOPMENT_TEAM = Z7SCBZ3X84;
				INFOPLIST_FILE = LoginAppUITests/Info.plist;
				LD_RUNPATH_SEARCH_PATHS = "$(inherited) @executable_path/Frameworks @loader_path/Frameworks";
				PRODUCT_BUNDLE_IDENTIFIER = miyu.LoginAppUITests;
				PRODUCT_NAME = "$(TARGET_NAME)";
				SWIFT_VERSION = 4.0;
				TARGETED_DEVICE_FAMILY = "1,2";
				TEST_TARGET_NAME = LoginApp;
			};
			name = Release;
		};
/* End XCBuildConfiguration section */

/* Begin XCConfigurationList section */
		408FCF861FD0625E007C2987 /* Build configuration list for PBXProject "LoginApp" */ = {
			isa = XCConfigurationList;
			buildConfigurations = (
				408FCFB11FD0625F007C2987 /* Debug */,
				408FCFB21FD0625F007C2987 /* Release */,
			);
			defaultConfigurationIsVisible = 0;
			defaultConfigurationName = Release;
		};
		408FCFB31FD0625F007C2987 /* Build configuration list for PBXNativeTarget "LoginApp" */ = {
			isa = XCConfigurationList;
			buildConfigurations = (
				408FCFB41FD0625F007C2987 /* Debug */,
				408FCFB51FD0625F007C2987 /* Release */,
			);
			defaultConfigurationIsVisible = 0;
			defaultConfigurationName = Release;
		};
		408FCFB61FD0625F007C2987 /* Build configuration list for PBXNativeTarget "LoginAppTests" */ = {
			isa = XCConfigurationList;
			buildConfigurations = (
				408FCFB71FD0625F007C2987 /* Debug */,
				408FCFB81FD0625F007C2987 /* Release */,
			);
			defaultConfigurationIsVisible = 0;
			defaultConfigurationName = Release;
		};
		408FCFB91FD0625F007C2987 /* Build configuration list for PBXNativeTarget "LoginAppUITests" */ = {
			isa = XCConfigurationList;
			buildConfigurations = (
				408FCFBA1FD0625F007C2987 /* Debug */,
				408FCFBB1FD0625F007C2987 /* Release */,
			);
			defaultConfigurationIsVisible = 0;
			defaultConfigurationName = Release;
		};
/* End XCConfigurationList section */
	};
	rootObject = 408FCF831FD0625E007C2987 /* Project object */;
}
